// !$*UTF8*$!
{
	archiveVersion = 1;
	classes = {
	};
	objectVersion = 56;
	objects = {

/* Begin PBXBuildFile section */
		2B8ECAEB2C538B8400C85C4A /* CFApp.swift in Sources */ = {isa = PBXBuildFile; fileRef = 2B8ECAEA2C538B8400C85C4A /* CFApp.swift */; };
		2B8ECAED2C538B8400C85C4A /* ContentView.swift in Sources */ = {isa = PBXBuildFile; fileRef = 2B8ECAEC2C538B8400C85C4A /* ContentView.swift */; };
		2B8ECAEF2C538B8C00C85C4A /* Assets.xcassets in Resources */ = {isa = PBXBuildFile; fileRef = 2B8ECAEE2C538B8C00C85C4A /* Assets.xcassets */; };
		2B8ECAF22C538B8C00C85C4A /* Preview Assets.xcassets in Resources */ = {isa = PBXBuildFile; fileRef = 2B8ECAF12C538B8C00C85C4A /* Preview Assets.xcassets */; };
		2B8ECAFA2C538BBC00C85C4A /* FetchFact.swift in Sources */ = {isa = PBXBuildFile; fileRef = 2B8ECAF92C538BBC00C85C4A /* FetchFact.swift */; };
		2B8ECB002C538DA500C85C4A /* IncreaseButton.swift in Sources */ = {isa = PBXBuildFile; fileRef = 2B8ECAFF2C538DA500C85C4A /* IncreaseButton.swift */; };
		2B8ECB022C538E0100C85C4A /* VIewModel.swift in Sources */ = {isa = PBXBuildFile; fileRef = 2B8ECB012C538E0100C85C4A /* VIewModel.swift */; };
		2B8ECB062C538ED000C85C4A /* DecreaseButton.swift in Sources */ = {isa = PBXBuildFile; fileRef = 2B8ECB052C538ED000C85C4A /* DecreaseButton.swift */; };
		2B8ECB082C538F8F00C85C4A /* NumberView.swift in Sources */ = {isa = PBXBuildFile; fileRef = 2B8ECB072C538F8F00C85C4A /* NumberView.swift */; };
		2B8ECB0B2C538FE900C85C4A /* TimerButton.swift in Sources */ = {isa = PBXBuildFile; fileRef = 2B8ECB0A2C538FE900C85C4A /* TimerButton.swift */; };
		2B8ECB0D2C53904300C85C4A /* FactButton.swift in Sources */ = {isa = PBXBuildFile; fileRef = 2B8ECB0C2C53904300C85C4A /* FactButton.swift */; };
		2B8ECB0F2C5390D800C85C4A /* Fact.swift in Sources */ = {isa = PBXBuildFile; fileRef = 2B8ECB0E2C5390D800C85C4A /* Fact.swift */; };
		2B8ECB122C53B04500C85C4A /* DecreaseIncrease.swift in Sources */ = {isa = PBXBuildFile; fileRef = 2B8ECB112C53B04500C85C4A /* DecreaseIncrease.swift */; };
		2B8ECB1B2C53B39400C85C4A /* CFTests.swift in Sources */ = {isa = PBXBuildFile; fileRef = 2B8ECB1A2C53B39400C85C4A /* CFTests.swift */; };
		2B8ECB222C53B42500C85C4A /* Errors.swift in Sources */ = {isa = PBXBuildFile; fileRef = 2B8ECB212C53B42500C85C4A /* Errors.swift */; };
/* End PBXBuildFile section */

/* Begin PBXContainerItemProxy section */
		2B8ECB1C2C53B39400C85C4A /* PBXContainerItemProxy */ = {
			isa = PBXContainerItemProxy;
			containerPortal = 2B8ECADF2C538B8400C85C4A /* Project object */;
			proxyType = 1;
			remoteGlobalIDString = 2B8ECAE62C538B8400C85C4A;
			remoteInfo = CF;
		};
/* End PBXContainerItemProxy section */

/* Begin PBXFileReference section */
		2B8ECAE72C538B8400C85C4A /* CF.app */ = {isa = PBXFileReference; explicitFileType = wrapper.application; includeInIndex = 0; path = CF.app; sourceTree = BUILT_PRODUCTS_DIR; };
		2B8ECAEA2C538B8400C85C4A /* CFApp.swift */ = {isa = PBXFileReference; lastKnownFileType = sourcecode.swift; path = CFApp.swift; sourceTree = "<group>"; };
		2B8ECAEC2C538B8400C85C4A /* ContentView.swift */ = {isa = PBXFileReference; lastKnownFileType = sourcecode.swift; path = ContentView.swift; sourceTree = "<group>"; };
		2B8ECAEE2C538B8C00C85C4A /* Assets.xcassets */ = {isa = PBXFileReference; lastKnownFileType = folder.assetcatalog; path = Assets.xcassets; sourceTree = "<group>"; };
		2B8ECAF12C538B8C00C85C4A /* Preview Assets.xcassets */ = {isa = PBXFileReference; lastKnownFileType = folder.assetcatalog; path = "Preview Assets.xcassets"; sourceTree = "<group>"; };
		2B8ECAF92C538BBC00C85C4A /* FetchFact.swift */ = {isa = PBXFileReference; lastKnownFileType = sourcecode.swift; path = FetchFact.swift; sourceTree = "<group>"; };
		2B8ECAFF2C538DA500C85C4A /* IncreaseButton.swift */ = {isa = PBXFileReference; lastKnownFileType = sourcecode.swift; path = IncreaseButton.swift; sourceTree = "<group>"; };
		2B8ECB012C538E0100C85C4A /* VIewModel.swift */ = {isa = PBXFileReference; lastKnownFileType = sourcecode.swift; path = VIewModel.swift; sourceTree = "<group>"; };
		2B8ECB052C538ED000C85C4A /* DecreaseButton.swift */ = {isa = PBXFileReference; lastKnownFileType = sourcecode.swift; path = DecreaseButton.swift; sourceTree = "<group>"; };
		2B8ECB072C538F8F00C85C4A /* NumberView.swift */ = {isa = PBXFileReference; lastKnownFileType = sourcecode.swift; path = NumberView.swift; sourceTree = "<group>"; };
		2B8ECB0A2C538FE900C85C4A /* TimerButton.swift */ = {isa = PBXFileReference; lastKnownFileType = sourcecode.swift; path = TimerButton.swift; sourceTree = "<group>"; };
		2B8ECB0C2C53904300C85C4A /* FactButton.swift */ = {isa = PBXFileReference; lastKnownFileType = sourcecode.swift; path = FactButton.swift; sourceTree = "<group>"; };
		2B8ECB0E2C5390D800C85C4A /* Fact.swift */ = {isa = PBXFileReference; lastKnownFileType = sourcecode.swift; path = Fact.swift; sourceTree = "<group>"; };
		2B8ECB102C539A5A00C85C4A /* Info.plist */ = {isa = PBXFileReference; lastKnownFileType = text.plist; path = Info.plist; sourceTree = "<group>"; };
		2B8ECB112C53B04500C85C4A /* DecreaseIncrease.swift */ = {isa = PBXFileReference; lastKnownFileType = sourcecode.swift; path = DecreaseIncrease.swift; sourceTree = "<group>"; };
		2B8ECB182C53B39300C85C4A /* CFTests.xctest */ = {isa = PBXFileReference; explicitFileType = wrapper.cfbundle; includeInIndex = 0; path = CFTests.xctest; sourceTree = BUILT_PRODUCTS_DIR; };
		2B8ECB1A2C53B39400C85C4A /* CFTests.swift */ = {isa = PBXFileReference; lastKnownFileType = sourcecode.swift; path = CFTests.swift; sourceTree = "<group>"; };
		2B8ECB212C53B42500C85C4A /* Errors.swift */ = {isa = PBXFileReference; lastKnownFileType = sourcecode.swift; path = Errors.swift; sourceTree = "<group>"; };
/* End PBXFileReference section */

/* Begin PBXFrameworksBuildPhase section */
		2B8ECAE42C538B8400C85C4A /* Frameworks */ = {
			isa = PBXFrameworksBuildPhase;
			buildActionMask = 2147483647;
			files = (
			);
			runOnlyForDeploymentPostprocessing = 0;
		};
		2B8ECB152C53B39300C85C4A /* Frameworks */ = {
			isa = PBXFrameworksBuildPhase;
			buildActionMask = 2147483647;
			files = (
			);
			runOnlyForDeploymentPostprocessing = 0;
		};
/* End PBXFrameworksBuildPhase section */

/* Begin PBXGroup section */
		2B8ECADE2C538B8400C85C4A = {
			isa = PBXGroup;
			children = (
				2B8ECAE92C538B8400C85C4A /* CF */,
				2B8ECB192C53B39400C85C4A /* CFTests */,
				2B8ECAE82C538B8400C85C4A /* Products */,
			);
			sourceTree = "<group>";
		};
		2B8ECAE82C538B8400C85C4A /* Products */ = {
			isa = PBXGroup;
			children = (
				2B8ECAE72C538B8400C85C4A /* CF.app */,
				2B8ECB182C53B39300C85C4A /* CFTests.xctest */,
			);
			name = Products;
			sourceTree = "<group>";
		};
		2B8ECAE92C538B8400C85C4A /* CF */ = {
			isa = PBXGroup;
			children = (
				2B8ECAEE2C538B8C00C85C4A /* Assets.xcassets */,
				2B8ECB102C539A5A00C85C4A /* Info.plist */,
				2B8ECAEA2C538B8400C85C4A /* CFApp.swift */,
				2B8ECB232C53B46000C85C4A /* Errors */,
				2B8ECB032C538E0600C85C4A /* ViewModel */,
				2B8ECAFB2C538BC900C85C4A /* Service */,
				2B8ECAF82C538BAD00C85C4A /* View */,
				2B8ECAF02C538B8C00C85C4A /* Preview Content */,
			);
			path = CF;
			sourceTree = "<group>";
		};
		2B8ECAF02C538B8C00C85C4A /* Preview Content */ = {
			isa = PBXGroup;
			children = (
				2B8ECAF12C538B8C00C85C4A /* Preview Assets.xcassets */,
			);
			path = "Preview Content";
			sourceTree = "<group>";
		};
		2B8ECAF82C538BAD00C85C4A /* View */ = {
			isa = PBXGroup;
			children = (
				2B8ECAEC2C538B8400C85C4A /* ContentView.swift */,
				2B8ECB042C538E7800C85C4A /* Buttons */,
				2B8ECB092C538FA900C85C4A /* NumberView */,
				2B8ECB132C53B36100C85C4A /* Fact */,
			);
			path = View;
			sourceTree = "<group>";
		};
		2B8ECAFB2C538BC900C85C4A /* Service */ = {
			isa = PBXGroup;
			children = (
				2B8ECAF92C538BBC00C85C4A /* FetchFact.swift */,
			);
			path = Service;
			sourceTree = "<group>";
		};
		2B8ECB032C538E0600C85C4A /* ViewModel */ = {
			isa = PBXGroup;
			children = (
				2B8ECB012C538E0100C85C4A /* VIewModel.swift */,
			);
			path = ViewModel;
			sourceTree = "<group>";
		};
		2B8ECB042C538E7800C85C4A /* Buttons */ = {
			isa = PBXGroup;
			children = (
				2B8ECAFF2C538DA500C85C4A /* IncreaseButton.swift */,
				2B8ECB052C538ED000C85C4A /* DecreaseButton.swift */,
				2B8ECB0A2C538FE900C85C4A /* TimerButton.swift */,
				2B8ECB0C2C53904300C85C4A /* FactButton.swift */,
				2B8ECB112C53B04500C85C4A /* DecreaseIncrease.swift */,
			);
			path = Buttons;
			sourceTree = "<group>";
		};
		2B8ECB092C538FA900C85C4A /* NumberView */ = {
			isa = PBXGroup;
			children = (
				2B8ECB072C538F8F00C85C4A /* NumberView.swift */,
			);
			path = NumberView;
			sourceTree = "<group>";
		};
		2B8ECB132C53B36100C85C4A /* Fact */ = {
			isa = PBXGroup;
			children = (
				2B8ECB0E2C5390D800C85C4A /* Fact.swift */,
			);
			path = Fact;
			sourceTree = "<group>";
		};
		2B8ECB192C53B39400C85C4A /* CFTests */ = {
			isa = PBXGroup;
			children = (
				2B8ECB1A2C53B39400C85C4A /* CFTests.swift */,
			);
			path = CFTests;
			sourceTree = "<group>";
		};
		2B8ECB232C53B46000C85C4A /* Errors */ = {
			isa = PBXGroup;
			children = (
				2B8ECB212C53B42500C85C4A /* Errors.swift */,
			);
			path = Errors;
			sourceTree = "<group>";
		};
/* End PBXGroup section */

/* Begin PBXNativeTarget section */
		2B8ECAE62C538B8400C85C4A /* CF */ = {
			isa = PBXNativeTarget;
			buildConfigurationList = 2B8ECAF52C538B8C00C85C4A /* Build configuration list for PBXNativeTarget "CF" */;
			buildPhases = (
				2B8ECAE32C538B8400C85C4A /* Sources */,
				2B8ECAE42C538B8400C85C4A /* Frameworks */,
				2B8ECAE52C538B8400C85C4A /* Resources */,
			);
			buildRules = (
			);
			dependencies = (
			);
			name = CF;
			productName = CF;
			productReference = 2B8ECAE72C538B8400C85C4A /* CF.app */;
			productType = "com.apple.product-type.application";
		};
		2B8ECB172C53B39300C85C4A /* CFTests */ = {
			isa = PBXNativeTarget;
			buildConfigurationList = 2B8ECB1E2C53B39400C85C4A /* Build configuration list for PBXNativeTarget "CFTests" */;
			buildPhases = (
				2B8ECB142C53B39300C85C4A /* Sources */,
				2B8ECB152C53B39300C85C4A /* Frameworks */,
				2B8ECB162C53B39300C85C4A /* Resources */,
			);
			buildRules = (
			);
			dependencies = (
				2B8ECB1D2C53B39400C85C4A /* PBXTargetDependency */,
			);
			name = CFTests;
			productName = CFTests;
			productReference = 2B8ECB182C53B39300C85C4A /* CFTests.xctest */;
			productType = "com.apple.product-type.bundle.unit-test";
		};
/* End PBXNativeTarget section */

/* Begin PBXProject section */
		2B8ECADF2C538B8400C85C4A /* Project object */ = {
			isa = PBXProject;
			attributes = {
				BuildIndependentTargetsInParallel = 1;
				LastSwiftUpdateCheck = 1420;
				LastUpgradeCheck = 1420;
				TargetAttributes = {
					2B8ECAE62C538B8400C85C4A = {
						CreatedOnToolsVersion = 14.2;
					};
					2B8ECB172C53B39300C85C4A = {
						CreatedOnToolsVersion = 14.2;
						TestTargetID = 2B8ECAE62C538B8400C85C4A;
					};
				};
			};
			buildConfigurationList = 2B8ECAE22C538B8400C85C4A /* Build configuration list for PBXProject "CF" */;
			compatibilityVersion = "Xcode 14.0";
			developmentRegion = en;
			hasScannedForEncodings = 0;
			knownRegions = (
				en,
				Base,
			);
			mainGroup = 2B8ECADE2C538B8400C85C4A;
			productRefGroup = 2B8ECAE82C538B8400C85C4A /* Products */;
			projectDirPath = "";
			projectRoot = "";
			targets = (
				2B8ECAE62C538B8400C85C4A /* CF */,
				2B8ECB172C53B39300C85C4A /* CFTests */,
			);
		};
/* End PBXProject section */

/* Begin PBXResourcesBuildPhase section */
		2B8ECAE52C538B8400C85C4A /* Resources */ = {
			isa = PBXResourcesBuildPhase;
			buildActionMask = 2147483647;
			files = (
				2B8ECAF22C538B8C00C85C4A /* Preview Assets.xcassets in Resources */,
				2B8ECAEF2C538B8C00C85C4A /* Assets.xcassets in Resources */,
			);
			runOnlyForDeploymentPostprocessing = 0;
		};
		2B8ECB162C53B39300C85C4A /* Resources */ = {
			isa = PBXResourcesBuildPhase;
			buildActionMask = 2147483647;
			files = (
			);
			runOnlyForDeploymentPostprocessing = 0;
		};
/* End PBXResourcesBuildPhase section */

/* Begin PBXSourcesBuildPhase section */
		2B8ECAE32C538B8400C85C4A /* Sources */ = {
			isa = PBXSourcesBuildPhase;
			buildActionMask = 2147483647;
			files = (
				2B8ECB122C53B04500C85C4A /* DecreaseIncrease.swift in Sources */,
				2B8ECAED2C538B8400C85C4A /* ContentView.swift in Sources */,
				2B8ECB0B2C538FE900C85C4A /* TimerButton.swift in Sources */,
				2B8ECB062C538ED000C85C4A /* DecreaseButton.swift in Sources */,
				2B8ECB222C53B42500C85C4A /* Errors.swift in Sources */,
				2B8ECB0D2C53904300C85C4A /* FactButton.swift in Sources */,
				2B8ECAFA2C538BBC00C85C4A /* FetchFact.swift in Sources */,
				2B8ECAEB2C538B8400C85C4A /* CFApp.swift in Sources */,
				2B8ECB002C538DA500C85C4A /* IncreaseButton.swift in Sources */,
				2B8ECB0F2C5390D800C85C4A /* Fact.swift in Sources */,
				2B8ECB022C538E0100C85C4A /* VIewModel.swift in Sources */,
				2B8ECB082C538F8F00C85C4A /* NumberView.swift in Sources */,
			);
			runOnlyForDeploymentPostprocessing = 0;
		};
		2B8ECB142C53B39300C85C4A /* Sources */ = {
			isa = PBXSourcesBuildPhase;
			buildActionMask = 2147483647;
			files = (
				2B8ECB1B2C53B39400C85C4A /* CFTests.swift in Sources */,
			);
			runOnlyForDeploymentPostprocessing = 0;
		};
/* End PBXSourcesBuildPhase section */

/* Begin PBXTargetDependency section */
		2B8ECB1D2C53B39400C85C4A /* PBXTargetDependency */ = {
			isa = PBXTargetDependency;
			target = 2B8ECAE62C538B8400C85C4A /* CF */;
			targetProxy = 2B8ECB1C2C53B39400C85C4A /* PBXContainerItemProxy */;
		};
/* End PBXTargetDependency section */

/* Begin XCBuildConfiguration section */
		2B8ECAF32C538B8C00C85C4A /* Debug */ = {
			isa = XCBuildConfiguration;
			buildSettings = {
				ALWAYS_SEARCH_USER_PATHS = NO;
				CLANG_ANALYZER_NONNULL = YES;
				CLANG_ANALYZER_NUMBER_OBJECT_CONVERSION = YES_AGGRESSIVE;
				CLANG_CXX_LANGUAGE_STANDARD = "gnu++20";
				CLANG_ENABLE_MODULES = YES;
				CLANG_ENABLE_OBJC_ARC = YES;
				CLANG_ENABLE_OBJC_WEAK = YES;
				CLANG_WARN_BLOCK_CAPTURE_AUTORELEASING = YES;
				CLANG_WARN_BOOL_CONVERSION = YES;
				CLANG_WARN_COMMA = YES;
				CLANG_WARN_CONSTANT_CONVERSION = YES;
				CLANG_WARN_DEPRECATED_OBJC_IMPLEMENTATIONS = YES;
				CLANG_WARN_DIRECT_OBJC_ISA_USAGE = YES_ERROR;
				CLANG_WARN_DOCUMENTATION_COMMENTS = YES;
				CLANG_WARN_EMPTY_BODY = YES;
				CLANG_WARN_ENUM_CONVERSION = YES;
				CLANG_WARN_INFINITE_RECURSION = YES;
				CLANG_WARN_INT_CONVERSION = YES;
				CLANG_WARN_NON_LITERAL_NULL_CONVERSION = YES;
				CLANG_WARN_OBJC_IMPLICIT_RETAIN_SELF = YES;
				CLANG_WARN_OBJC_LITERAL_CONVERSION = YES;
				CLANG_WARN_OBJC_ROOT_CLASS = YES_ERROR;
				CLANG_WARN_QUOTED_INCLUDE_IN_FRAMEWORK_HEADER = YES;
				CLANG_WARN_RANGE_LOOP_ANALYSIS = YES;
				CLANG_WARN_STRICT_PROTOTYPES = YES;
				CLANG_WARN_SUSPICIOUS_MOVE = YES;
				CLANG_WARN_UNGUARDED_AVAILABILITY = YES_AGGRESSIVE;
				CLANG_WARN_UNREACHABLE_CODE = YES;
				CLANG_WARN__DUPLICATE_METHOD_MATCH = YES;
				COPY_PHASE_STRIP = NO;
				DEBUG_INFORMATION_FORMAT = dwarf;
				ENABLE_STRICT_OBJC_MSGSEND = YES;
				ENABLE_TESTABILITY = YES;
				GCC_C_LANGUAGE_STANDARD = gnu11;
				GCC_DYNAMIC_NO_PIC = NO;
				GCC_NO_COMMON_BLOCKS = YES;
				GCC_OPTIMIZATION_LEVEL = 0;
				GCC_PREPROCESSOR_DEFINITIONS = (
					"DEBUG=1",
					"$(inherited)",
				);
				GCC_WARN_64_TO_32_BIT_CONVERSION = YES;
				GCC_WARN_ABOUT_RETURN_TYPE = YES_ERROR;
				GCC_WARN_UNDECLARED_SELECTOR = YES;
				GCC_WARN_UNINITIALIZED_AUTOS = YES_AGGRESSIVE;
				GCC_WARN_UNUSED_FUNCTION = YES;
				GCC_WARN_UNUSED_VARIABLE = YES;
				IPHONEOS_DEPLOYMENT_TARGET = 16.2;
				MTL_ENABLE_DEBUG_INFO = INCLUDE_SOURCE;
				MTL_FAST_MATH = YES;
				ONLY_ACTIVE_ARCH = YES;
				SDKROOT = iphoneos;
				SWIFT_ACTIVE_COMPILATION_CONDITIONS = DEBUG;
				SWIFT_OPTIMIZATION_LEVEL = "-Onone";
			};
			name = Debug;
		};
		2B8ECAF42C538B8C00C85C4A /* Release */ = {
			isa = XCBuildConfiguration;
			buildSettings = {
				ALWAYS_SEARCH_USER_PATHS = NO;
				CLANG_ANALYZER_NONNULL = YES;
				CLANG_ANALYZER_NUMBER_OBJECT_CONVERSION = YES_AGGRESSIVE;
				CLANG_CXX_LANGUAGE_STANDARD = "gnu++20";
				CLANG_ENABLE_MODULES = YES;
				CLANG_ENABLE_OBJC_ARC = YES;
				CLANG_ENABLE_OBJC_WEAK = YES;
				CLANG_WARN_BLOCK_CAPTURE_AUTORELEASING = YES;
				CLANG_WARN_BOOL_CONVERSION = YES;
				CLANG_WARN_COMMA = YES;
				CLANG_WARN_CONSTANT_CONVERSION = YES;
				CLANG_WARN_DEPRECATED_OBJC_IMPLEMENTATIONS = YES;
				CLANG_WARN_DIRECT_OBJC_ISA_USAGE = YES_ERROR;
				CLANG_WARN_DOCUMENTATION_COMMENTS = YES;
				CLANG_WARN_EMPTY_BODY = YES;
				CLANG_WARN_ENUM_CONVERSION = YES;
				CLANG_WARN_INFINITE_RECURSION = YES;
				CLANG_WARN_INT_CONVERSION = YES;
				CLANG_WARN_NON_LITERAL_NULL_CONVERSION = YES;
				CLANG_WARN_OBJC_IMPLICIT_RETAIN_SELF = YES;
				CLANG_WARN_OBJC_LITERAL_CONVERSION = YES;
				CLANG_WARN_OBJC_ROOT_CLASS = YES_ERROR;
				CLANG_WARN_QUOTED_INCLUDE_IN_FRAMEWORK_HEADER = YES;
				CLANG_WARN_RANGE_LOOP_ANALYSIS = YES;
				CLANG_WARN_STRICT_PROTOTYPES = YES;
				CLANG_WARN_SUSPICIOUS_MOVE = YES;
				CLANG_WARN_UNGUARDED_AVAILABILITY = YES_AGGRESSIVE;
				CLANG_WARN_UNREACHABLE_CODE = YES;
				CLANG_WARN__DUPLICATE_METHOD_MATCH = YES;
				COPY_PHASE_STRIP = NO;
				DEBUG_INFORMATION_FORMAT = "dwarf-with-dsym";
				ENABLE_NS_ASSERTIONS = NO;
				ENABLE_STRICT_OBJC_MSGSEND = YES;
				GCC_C_LANGUAGE_STANDARD = gnu11;
				GCC_NO_COMMON_BLOCKS = YES;
				GCC_WARN_64_TO_32_BIT_CONVERSION = YES;
				GCC_WARN_ABOUT_RETURN_TYPE = YES_ERROR;
				GCC_WARN_UNDECLARED_SELECTOR = YES;
				GCC_WARN_UNINITIALIZED_AUTOS = YES_AGGRESSIVE;
				GCC_WARN_UNUSED_FUNCTION = YES;
				GCC_WARN_UNUSED_VARIABLE = YES;
				IPHONEOS_DEPLOYMENT_TARGET = 16.2;
				MTL_ENABLE_DEBUG_INFO = NO;
				MTL_FAST_MATH = YES;
				SDKROOT = iphoneos;
				SWIFT_COMPILATION_MODE = wholemodule;
				SWIFT_OPTIMIZATION_LEVEL = "-O";
				VALIDATE_PRODUCT = YES;
			};
			name = Release;
		};
		2B8ECAF62C538B8C00C85C4A /* Debug */ = {
			isa = XCBuildConfiguration;
			buildSettings = {
				ASSETCATALOG_COMPILER_APPICON_NAME = AppIcon;
				ASSETCATALOG_COMPILER_GLOBAL_ACCENT_COLOR_NAME = AccentColor;
				CODE_SIGN_STYLE = Automatic;
				CURRENT_PROJECT_VERSION = 1;
				DEVELOPMENT_ASSET_PATHS = "\"CF/Preview Content\"";
				DEVELOPMENT_TEAM = RAVRJW6GQC;
				ENABLE_PREVIEWS = YES;
				GENERATE_INFOPLIST_FILE = YES;
				INFOPLIST_FILE = CF/Info.plist;
				INFOPLIST_KEY_UIApplicationSceneManifest_Generation = YES;
				INFOPLIST_KEY_UIApplicationSupportsIndirectInputEvents = YES;
				INFOPLIST_KEY_UILaunchScreen_Generation = YES;
				INFOPLIST_KEY_UISupportedInterfaceOrientations_iPad = "UIInterfaceOrientationPortrait UIInterfaceOrientationPortraitUpsideDown UIInterfaceOrientationLandscapeLeft UIInterfaceOrientationLandscapeRight";
				INFOPLIST_KEY_UISupportedInterfaceOrientations_iPhone = "UIInterfaceOrientationPortrait UIInterfaceOrientationLandscapeLeft UIInterfaceOrientationLandscapeRight";
				LD_RUNPATH_SEARCH_PATHS = (
					"$(inherited)",
					"@executable_path/Frameworks",
				);
				MARKETING_VERSION = 1.0;
				PRODUCT_BUNDLE_IDENTIFIER = com.xd.CF;
				PRODUCT_NAME = "$(TARGET_NAME)";
				SWIFT_EMIT_LOC_STRINGS = YES;
				SWIFT_VERSION = 5.0;
				TARGETED_DEVICE_FAMILY = "1,2";
			};
			name = Debug;
		};
		2B8ECAF72C538B8C00C85C4A /* Release */ = {
			isa = XCBuildConfiguration;
			buildSettings = {
				ASSETCATALOG_COMPILER_APPICON_NAME = AppIcon;
				ASSETCATALOG_COMPILER_GLOBAL_ACCENT_COLOR_NAME = AccentColor;
				CODE_SIGN_STYLE = Automatic;
				CURRENT_PROJECT_VERSION = 1;
				DEVELOPMENT_ASSET_PATHS = "\"CF/Preview Content\"";
				DEVELOPMENT_TEAM = RAVRJW6GQC;
				ENABLE_PREVIEWS = YES;
				GENERATE_INFOPLIST_FILE = YES;
				INFOPLIST_FILE = CF/Info.plist;
				INFOPLIST_KEY_UIApplicationSceneManifest_Generation = YES;
				INFOPLIST_KEY_UIApplicationSupportsIndirectInputEvents = YES;
				INFOPLIST_KEY_UILaunchScreen_Generation = YES;
				INFOPLIST_KEY_UISupportedInterfaceOrientations_iPad = "UIInterfaceOrientationPortrait UIInterfaceOrientationPortraitUpsideDown UIInterfaceOrientationLandscapeLeft UIInterfaceOrientationLandscapeRight";
				INFOPLIST_KEY_UISupportedInterfaceOrientations_iPhone = "UIInterfaceOrientationPortrait UIInterfaceOrientationLandscapeLeft UIInterfaceOrientationLandscapeRight";
				LD_RUNPATH_SEARCH_PATHS = (
					"$(inherited)",
					"@executable_path/Frameworks",
				);
				MARKETING_VERSION = 1.0;
				PRODUCT_BUNDLE_IDENTIFIER = com.xd.CF;
				PRODUCT_NAME = "$(TARGET_NAME)";
				SWIFT_EMIT_LOC_STRINGS = YES;
				SWIFT_VERSION = 5.0;
				TARGETED_DEVICE_FAMILY = "1,2";
			};
			name = Release;
		};
		2B8ECB1F2C53B39400C85C4A /* Debug */ = {
			isa = XCBuildConfiguration;
			buildSettings = {
				BUNDLE_LOADER = "$(TEST_HOST)";
				CODE_SIGN_STYLE = Automatic;
				CURRENT_PROJECT_VERSION = 1;
				DEVELOPMENT_TEAM = RAVRJW6GQC;
				GENERATE_INFOPLIST_FILE = YES;
				IPHONEOS_DEPLOYMENT_TARGET = 16.2;
				MACOSX_DEPLOYMENT_TARGET = 12.7;
				MARKETING_VERSION = 1.0;
				PRODUCT_BUNDLE_IDENTIFIER = com.xd.CFTests;
				PRODUCT_NAME = "$(TARGET_NAME)";
				SDKROOT = auto;
				SUPPORTED_PLATFORMS = "iphoneos iphonesimulator macosx";
				SWIFT_EMIT_LOC_STRINGS = NO;
				SWIFT_VERSION = 5.0;
				TARGETED_DEVICE_FAMILY = "1,2";
				TEST_HOST = "$(BUILT_PRODUCTS_DIR)/CF.app/$(BUNDLE_EXECUTABLE_FOLDER_PATH)/CF";
			};
			name = Debug;
		};
		2B8ECB202C53B39400C85C4A /* Release */ = {
			isa = XCBuildConfiguration;
			buildSettings = {
				BUNDLE_LOADER = "$(TEST_HOST)";
				CODE_SIGN_STYLE = Automatic;
				CURRENT_PROJECT_VERSION = 1;
				DEVELOPMENT_TEAM = RAVRJW6GQC;
				GENERATE_INFOPLIST_FILE = YES;
				IPHONEOS_DEPLOYMENT_TARGET = 16.2;
				MACOSX_DEPLOYMENT_TARGET = 12.7;
				MARKETING_VERSION = 1.0;
				PRODUCT_BUNDLE_IDENTIFIER = com.xd.CFTests;
				PRODUCT_NAME = "$(TARGET_NAME)";
				SDKROOT = auto;
				SUPPORTED_PLATFORMS = "iphoneos iphonesimulator macosx";
				SWIFT_EMIT_LOC_STRINGS = NO;
				SWIFT_VERSION = 5.0;
				TARGETED_DEVICE_FAMILY = "1,2";
				TEST_HOST = "$(BUILT_PRODUCTS_DIR)/CF.app/$(BUNDLE_EXECUTABLE_FOLDER_PATH)/CF";
			};
			name = Release;
		};
/* End XCBuildConfiguration section */

/* Begin XCConfigurationList section */
		2B8ECAE22C538B8400C85C4A /* Build configuration list for PBXProject "CF" */ = {
			isa = XCConfigurationList;
			buildConfigurations = (
				2B8ECAF32C538B8C00C85C4A /* Debug */,
				2B8ECAF42C538B8C00C85C4A /* Release */,
			);
			defaultConfigurationIsVisible = 0;
			defaultConfigurationName = Release;
		};
		2B8ECAF52C538B8C00C85C4A /* Build configuration list for PBXNativeTarget "CF" */ = {
			isa = XCConfigurationList;
			buildConfigurations = (
				2B8ECAF62C538B8C00C85C4A /* Debug */,
				2B8ECAF72C538B8C00C85C4A /* Release */,
			);
			defaultConfigurationIsVisible = 0;
			defaultConfigurationName = Release;
		};
		2B8ECB1E2C53B39400C85C4A /* Build configuration list for PBXNativeTarget "CFTests" */ = {
			isa = XCConfigurationList;
			buildConfigurations = (
				2B8ECB1F2C53B39400C85C4A /* Debug */,
				2B8ECB202C53B39400C85C4A /* Release */,
			);
			defaultConfigurationIsVisible = 0;
			defaultConfigurationName = Release;
		};
/* End XCConfigurationList section */
	};
	rootObject = 2B8ECADF2C538B8400C85C4A /* Project object */;
}
